
Microsoft Visual Studio Solution File, Format Version 12.00
# Visual Studio Version 17
VisualStudioVersion = 17.1.32421.90
MinimumVisualStudioVersion = 10.0.40219.1
Project("{FAE04EC0-301F-11D3-BF4B-00C04F79EFBC}") = "Food-delivery-app-LabCouse1", "Food-delivery-app-LabCouse1\Food-delivery-app-LabCouse1.csproj", "{D19819B9-C610-4C5C-9F7E-4ADD58E3D1D9}"
EndProject
Global
	GlobalSection(SolutionConfigurationPlatforms) = preSolution
		Debug|Any CPU = Debug|Any CPU
		Release|Any CPU = Release|Any CPU
	EndGlobalSection
	GlobalSection(ProjectConfigurationPlatforms) = postSolution
		{D19819B9-C610-4C5C-9F7E-4ADD58E3D1D9}.Debug|Any CPU.ActiveCfg = Debug|Any CPU
		{D19819B9-C610-4C5C-9F7E-4ADD58E3D1D9}.Debug|Any CPU.Build.0 = Debug|Any CPU
		{D19819B9-C610-4C5C-9F7E-4ADD58E3D1D9}.Release|Any CPU.ActiveCfg = Release|Any CPU
		{D19819B9-C610-4C5C-9F7E-4ADD58E3D1D9}.Release|Any CPU.Build.0 = Release|Any CPU
	EndGlobalSection
	GlobalSection(SolutionProperties) = preSolution
		HideSolutionNode = FALSE
	EndGlobalSection
	GlobalSection(ExtensibilityGlobals) = postSolution
		SolutionGuid = {DC465C8F-FAB7-499C-B3BD-7A1F0593FA09}
	EndGlobalSection
EndGlobal
